{
  "name": "undici-socket-err",
  "version": "1.0.0",
  "lockfileVersion": 2,
  "requires": true,
  "packages": {
    "": {
      "name": "undici-socket-err",
      "version": "1.0.0",
      "license": "ISC",
      "dependencies": {
        "undici": "^5.10.0"
      }
    },
    "node_modules/undici": {
      "version": "5.10.0",
      "resolved": "https://registry.npmjs.org/undici/-/undici-5.10.0.tgz",
      "integrity": "sha512-c8HsD3IbwmjjbLvoZuRI26TZic+TSEe8FPMLLOkN1AfYRhdjnKBU6yL+IwcSCbdZiX4e5t0lfMDLDCqj4Sq70g==",
      "engines": {
        "node": ">=12.18"
      }
    }
  },
  "dependencies": {
    "undici": {
      "version": "5.10.0",
      "resolved": "https://registry.npmjs.org/undici/-/undici-5.10.0.tgz",
      "integrity": "sha512-c8HsD3IbwmjjbLvoZuRI26TZic+TSEe8FPMLLOkN1AfYRhdjnKBU6yL+IwcSCbdZiX4e5t0lfMDLDCqj4Sq70g=="
    }
  }
}
